
Microsoft Visual Studio Solution File, Format Version 12.00
# Visual Studio Version 16
VisualStudioVersion = 16.0.31205.134
MinimumVisualStudioVersion = 10.0.40219.1
Project("{FAE04EC0-301F-11D3-BF4B-00C04F79EFBC}") = "MoodAnalyser", "MoodAnalyser\MoodAnalyser.csproj", "{C27EBB5D-93DB-45C1-9B28-9A5ED0B68763}"
EndProject
Project("{FAE04EC0-301F-11D3-BF4B-00C04F79EFBC}") = "MoodAnalyserTest", "MoodAnalyserTest\MoodAnalyserTest.csproj", "{6670F9F2-D258-4A09-AD90-D3C09EB6B1FB}"
EndProject
Global
	GlobalSection(SolutionConfigurationPlatforms) = preSolution
		Debug|Any CPU = Debug|Any CPU
		Release|Any CPU = Release|Any CPU
	EndGlobalSection
	GlobalSection(ProjectConfigurationPlatforms) = postSolution
		{C27EBB5D-93DB-45C1-9B28-9A5ED0B68763}.Debug|Any CPU.ActiveCfg = Debug|Any CPU
		{C27EBB5D-93DB-45C1-9B28-9A5ED0B68763}.Debug|Any CPU.Build.0 = Debug|Any CPU
		{C27EBB5D-93DB-45C1-9B28-9A5ED0B68763}.Release|Any CPU.ActiveCfg = Release|Any CPU
		{C27EBB5D-93DB-45C1-9B28-9A5ED0B68763}.Release|Any CPU.Build.0 = Release|Any CPU
		{6670F9F2-D258-4A09-AD90-D3C09EB6B1FB}.Debug|Any CPU.ActiveCfg = Debug|Any CPU
		{6670F9F2-D258-4A09-AD90-D3C09EB6B1FB}.Debug|Any CPU.Build.0 = Debug|Any CPU
		{6670F9F2-D258-4A09-AD90-D3C09EB6B1FB}.Release|Any CPU.ActiveCfg = Release|Any CPU
		{6670F9F2-D258-4A09-AD90-D3C09EB6B1FB}.Release|Any CPU.Build.0 = Release|Any CPU
	EndGlobalSection
	GlobalSection(SolutionProperties) = preSolution
		HideSolutionNode = FALSE
	EndGlobalSection
	GlobalSection(ExtensibilityGlobals) = postSolution
		SolutionGuid = {4C23C68F-3A9C-4BFD-9B74-EB46080A2CD8}
	EndGlobalSection
EndGlobal
